
Microsoft Visual Studio Solution File, Format Version 12.00
# Visual Studio Version 16
VisualStudioVersion = 16.0.30621.155
MinimumVisualStudioVersion = 10.0.40219.1
Project("{FAE04EC0-301F-11D3-BF4B-00C04F79EFBC}") = "Transportn", "Transportn\Transportn.csproj", "{B76B3D2B-F814-4206-8ADC-61FA16293ADF}"
EndProject
Project("{FAE04EC0-301F-11D3-BF4B-00C04F79EFBC}") = "TestTransoptn", "TestTransoptn\TestTransoptn.csproj", "{13659DDD-46B1-4AC5-8854-1498FF140306}"
EndProject
Global
	GlobalSection(SolutionConfigurationPlatforms) = preSolution
		Debug|Any CPU = Debug|Any CPU
		Release|Any CPU = Release|Any CPU
	EndGlobalSection
	GlobalSection(ProjectConfigurationPlatforms) = postSolution
		{B76B3D2B-F814-4206-8ADC-61FA16293ADF}.Debug|Any CPU.ActiveCfg = Debug|Any CPU
		{B76B3D2B-F814-4206-8ADC-61FA16293ADF}.Debug|Any CPU.Build.0 = Debug|Any CPU
		{B76B3D2B-F814-4206-8ADC-61FA16293ADF}.Release|Any CPU.ActiveCfg = Release|Any CPU
		{B76B3D2B-F814-4206-8ADC-61FA16293ADF}.Release|Any CPU.Build.0 = Release|Any CPU
		{13659DDD-46B1-4AC5-8854-1498FF140306}.Debug|Any CPU.ActiveCfg = Debug|Any CPU
		{13659DDD-46B1-4AC5-8854-1498FF140306}.Debug|Any CPU.Build.0 = Debug|Any CPU
		{13659DDD-46B1-4AC5-8854-1498FF140306}.Release|Any CPU.ActiveCfg = Release|Any CPU
		{13659DDD-46B1-4AC5-8854-1498FF140306}.Release|Any CPU.Build.0 = Release|Any CPU
	EndGlobalSection
	GlobalSection(SolutionProperties) = preSolution
		HideSolutionNode = FALSE
	EndGlobalSection
	GlobalSection(ExtensibilityGlobals) = postSolution
		SolutionGuid = {5A29F493-48D8-43F1-91AB-5638FEA9CD1C}
	EndGlobalSection
EndGlobal
